
Microsoft Visual Studio Solution File, Format Version 12.00
# Visual Studio Version 16
VisualStudioVersion = 16.0.30709.132
MinimumVisualStudioVersion = 10.0.40219.1
Project("{9A19103F-16F7-4668-BE54-9A1E7A4F7556}") = "TaskableChallenge.Server", "TaskableChallenge\Server\TaskableChallenge.Server.csproj", "{54915073-6762-454B-AF3B-ECB295A49CBC}"
EndProject
Project("{9A19103F-16F7-4668-BE54-9A1E7A4F7556}") = "TaskableChallenge.Client", "TaskableChallenge\Client\TaskableChallenge.Client.csproj", "{95F4D130-50E1-4272-BEF0-61F966A3D8E0}"
EndProject
Project("{2150E333-8FDC-42A3-9474-1A3956D46DE8}") = "Tests", "Tests", "{70DDAB8A-CE2C-4461-9F4A-6724F7CA206F}"
EndProject
Project("{9A19103F-16F7-4668-BE54-9A1E7A4F7556}") = "TaskableChallenge.UnitTests", "TaskableChallenge.UnitTests\TaskableChallenge.UnitTests.csproj", "{3CF270B3-744C-4DFC-9462-83C14666001B}"
EndProject
Project("{FAE04EC0-301F-11D3-BF4B-00C04F79EFBC}") = "TaskableChallenge.Model", "TaskableChallenge.Model\TaskableChallenge.Model.csproj", "{9EB53305-AB74-400E-9A4D-71FA31E4C801}"
EndProject
Global
	GlobalSection(SolutionConfigurationPlatforms) = preSolution
		Debug|Any CPU = Debug|Any CPU
		Release|Any CPU = Release|Any CPU
	EndGlobalSection
	GlobalSection(ProjectConfigurationPlatforms) = postSolution
		{54915073-6762-454B-AF3B-ECB295A49CBC}.Debug|Any CPU.ActiveCfg = Debug|Any CPU
		{54915073-6762-454B-AF3B-ECB295A49CBC}.Debug|Any CPU.Build.0 = Debug|Any CPU
		{54915073-6762-454B-AF3B-ECB295A49CBC}.Release|Any CPU.ActiveCfg = Release|Any CPU
		{54915073-6762-454B-AF3B-ECB295A49CBC}.Release|Any CPU.Build.0 = Release|Any CPU
		{95F4D130-50E1-4272-BEF0-61F966A3D8E0}.Debug|Any CPU.ActiveCfg = Debug|Any CPU
		{95F4D130-50E1-4272-BEF0-61F966A3D8E0}.Debug|Any CPU.Build.0 = Debug|Any CPU
		{95F4D130-50E1-4272-BEF0-61F966A3D8E0}.Release|Any CPU.ActiveCfg = Release|Any CPU
		{95F4D130-50E1-4272-BEF0-61F966A3D8E0}.Release|Any CPU.Build.0 = Release|Any CPU
		{3CF270B3-744C-4DFC-9462-83C14666001B}.Debug|Any CPU.ActiveCfg = Debug|Any CPU
		{3CF270B3-744C-4DFC-9462-83C14666001B}.Debug|Any CPU.Build.0 = Debug|Any CPU
		{3CF270B3-744C-4DFC-9462-83C14666001B}.Release|Any CPU.ActiveCfg = Release|Any CPU
		{3CF270B3-744C-4DFC-9462-83C14666001B}.Release|Any CPU.Build.0 = Release|Any CPU
		{9EB53305-AB74-400E-9A4D-71FA31E4C801}.Debug|Any CPU.ActiveCfg = Debug|Any CPU
		{9EB53305-AB74-400E-9A4D-71FA31E4C801}.Debug|Any CPU.Build.0 = Debug|Any CPU
		{9EB53305-AB74-400E-9A4D-71FA31E4C801}.Release|Any CPU.ActiveCfg = Release|Any CPU
		{9EB53305-AB74-400E-9A4D-71FA31E4C801}.Release|Any CPU.Build.0 = Release|Any CPU
	EndGlobalSection
	GlobalSection(SolutionProperties) = preSolution
		HideSolutionNode = FALSE
	EndGlobalSection
	GlobalSection(NestedProjects) = preSolution
		{3CF270B3-744C-4DFC-9462-83C14666001B} = {70DDAB8A-CE2C-4461-9F4A-6724F7CA206F}
	EndGlobalSection
	GlobalSection(ExtensibilityGlobals) = postSolution
		SolutionGuid = {AD35133F-4699-4D7E-B44A-8F28CAB4BF34}
	EndGlobalSection
EndGlobal
